<?xml version="1.0" encoding="utf-8"?>
<Project ToolsVersion="4.0" xmlns="http://schemas.microsoft.com/developer/msbuild/2003">
  <ItemGroup>
    <Filter Include="ソース ファイル">
      <UniqueIdentifier>{4FC737F1-C7A5-4376-A066-2A32D752A2FF}</UniqueIdentifier>
      <Extensions>cpp;c;cc;cxx;c++;cppm;ixx;def;odl;idl;hpj;bat;asm;asmx</Extensions>
    </Filter>
    <Filter Include="ヘッダー ファイル">
      <UniqueIdentifier>{93995380-89BD-4b04-88EB-625FBE52EBFB}</UniqueIdentifier>
      <Extensions>h;hh;hpp;hxx;h++;hm;inl;inc;ipp;xsd</Extensions>
    </Filter>
    <Filter Include="リソース ファイル">
      <UniqueIdentifier>{67DA6AB6-F800-4c08-8B7A-83BB121AAD01}</UniqueIdentifier>
      <Extensions>rc;ico;cur;bmp;dlg;rc2;rct;bin;rgs;gif;jpg;jpeg;jpe;resx;tiff;tif;png;wav;mfcribbon-ms</Extensions>
    </Filter>
  </ItemGroup>
  <ItemGroup>
    <ClInclude Include="include\simple_predictor.h">
      <Filter>ヘッダー ファイル</Filter>
    </ClInclude>
    <ClInclude Include="include\lms.h">
      <Filter>ヘッダー ファイル</Filter>
    </ClInclude>
    <ClInclude Include="include\neac_sub_block.h">
      <Filter>ヘッダー ファイル</Filter>
    </ClInclude>
    <ClInclude Include="include\neac_block.h">
      <Filter>ヘッダー ファイル</Filter>
    </ClInclude>
    <ClInclude Include="include\neac_encoder.h">
      <Filter>ヘッダー ファイル</Filter>
    </ClInclude>
    <ClInclude Include="include\neac.h">
      <Filter>ヘッダー ファイル</Filter>
    </ClInclude>
    <ClInclude Include="include\file_access.h">
      <Filter>ヘッダー ファイル</Filter>
    </ClInclude>
    <ClInclude Include="include\neac_decoder.h">
      <Filter>ヘッダー ファイル</Filter>
    </ClInclude>
    <ClInclude Include="include\wave_file_reader.h">
      <Filter>ヘッダー ファイル</Filter>
    </ClInclude>
    <ClInclude Include="include\wave_file_writer.h">
      <Filter>ヘッダー ファイル</Filter>
    </ClInclude>
    <ClInclude Include="include\signal.h">
      <Filter>ヘッダー ファイル</Filter>
    </ClInclude>
    <ClInclude Include="include\neac_error.h">
      <Filter>ヘッダー ファイル</Filter>
    </ClInclude>
    <ClInclude Include="include\bit_stream.h">
      <Filter>ヘッダー ファイル</Filter>
    </ClInclude>
    <ClInclude Include="include\neac_code.h">
      <Filter>ヘッダー ファイル</Filter>
    </ClInclude>
    <ClInclude Include="include\neac_tag.h">
      <Filter>ヘッダー ファイル</Filter>
    </ClInclude>
  </ItemGroup>
  <ItemGroup>
    <ClCompile Include="simple_predictor.c">
      <Filter>ソース ファイル</Filter>
    </ClCompile>
    <ClCompile Include="lms.c">
      <Filter>ソース ファイル</Filter>
    </ClCompile>
    <ClCompile Include="neac_sub_block.c">
      <Filter>ソース ファイル</Filter>
    </ClCompile>
    <ClCompile Include="neac_block.c">
      <Filter>ソース ファイル</Filter>
    </ClCompile>
    <ClCompile Include="neac_encoder.c">
      <Filter>ソース ファイル</Filter>
    </ClCompile>
    <ClCompile Include="file_access.c">
      <Filter>ソース ファイル</Filter>
    </ClCompile>
    <ClCompile Include="neac_decoder.c">
      <Filter>ソース ファイル</Filter>
    </ClCompile>
    <ClCompile Include="wave_file_reader.c">
      <Filter>ソース ファイル</Filter>
    </ClCompile>
    <ClCompile Include="wave_file_writer.c">
      <Filter>ソース ファイル</Filter>
    </ClCompile>
    <ClCompile Include="neac_error.c">
      <Filter>ソース ファイル</Filter>
    </ClCompile>
    <ClCompile Include="bit_stream.c">
      <Filter>ソース ファイル</Filter>
    </ClCompile>
    <ClCompile Include="neac_code.c">
      <Filter>ソース ファイル</Filter>
    </ClCompile>
    <ClCompile Include="neac_tag.c">
      <Filter>ソース ファイル</Filter>
    </ClCompile>
  </ItemGroup>
</Project>